// !$*UTF8*$!
{
	archiveVersion = 1;
	classes = {
	};
	objectVersion = 46;
	objects = {

/* Begin PBXBuildFile section */
		0F064747155F3D55005CEA6C /* LocalNotification.m in Sources */ = {isa = PBXBuildFile; fileRef = 0F064746155F3D55005CEA6C /* LocalNotification.m */; };
		0F2DF1BE154ACFC90022BA94 /* Databases.db in Resources */ = {isa = PBXBuildFile; fileRef = 0F2DF1BD154ACFC90022BA94 /* Databases.db */; };
		0F2DF1C2154AD2440022BA94 /* 0000000000000001.db in Resources */ = {isa = PBXBuildFile; fileRef = 0F2DF1C1154AD2440022BA94 /* 0000000000000001.db */; };
		0F4D8785153FD84E000601BA /* Cordova.framework in Frameworks */ = {isa = PBXBuildFile; fileRef = 0F4D8784153FD84E000601BA /* Cordova.framework */; };
		0F59D0F5155B4F2F002C669D /* README.md in Resources */ = {isa = PBXBuildFile; fileRef = 0F59D0F4155B4F2F002C669D /* README.md */; };
		0F92F57C14FCD07700F344D6 /* Foundation.framework in Frameworks */ = {isa = PBXBuildFile; fileRef = 0F92F57B14FCD07700F344D6 /* Foundation.framework */; };
		0F92F57E14FCD07700F344D6 /* UIKit.framework in Frameworks */ = {isa = PBXBuildFile; fileRef = 0F92F57D14FCD07700F344D6 /* UIKit.framework */; };
		0F92F58014FCD07700F344D6 /* CoreGraphics.framework in Frameworks */ = {isa = PBXBuildFile; fileRef = 0F92F57F14FCD07700F344D6 /* CoreGraphics.framework */; };
		0F92F58214FCD07700F344D6 /* AddressBook.framework in Frameworks */ = {isa = PBXBuildFile; fileRef = 0F92F58114FCD07700F344D6 /* AddressBook.framework */; };
		0F92F58414FCD07700F344D6 /* AddressBookUI.framework in Frameworks */ = {isa = PBXBuildFile; fileRef = 0F92F58314FCD07700F344D6 /* AddressBookUI.framework */; };
		0F92F58614FCD07700F344D6 /* AudioToolbox.framework in Frameworks */ = {isa = PBXBuildFile; fileRef = 0F92F58514FCD07700F344D6 /* AudioToolbox.framework */; };
		0F92F58814FCD07700F344D6 /* AVFoundation.framework in Frameworks */ = {isa = PBXBuildFile; fileRef = 0F92F58714FCD07700F344D6 /* AVFoundation.framework */; };
		0F92F58A14FCD07700F344D6 /* CoreLocation.framework in Frameworks */ = {isa = PBXBuildFile; fileRef = 0F92F58914FCD07700F344D6 /* CoreLocation.framework */; };
		0F92F58C14FCD07700F344D6 /* MediaPlayer.framework in Frameworks */ = {isa = PBXBuildFile; fileRef = 0F92F58B14FCD07700F344D6 /* MediaPlayer.framework */; };
		0F92F58E14FCD07700F344D6 /* QuartzCore.framework in Frameworks */ = {isa = PBXBuildFile; fileRef = 0F92F58D14FCD07700F344D6 /* QuartzCore.framework */; };
		0F92F59014FCD07700F344D6 /* SystemConfiguration.framework in Frameworks */ = {isa = PBXBuildFile; fileRef = 0F92F58F14FCD07700F344D6 /* SystemConfiguration.framework */; };
		0F92F59214FCD07700F344D6 /* MobileCoreServices.framework in Frameworks */ = {isa = PBXBuildFile; fileRef = 0F92F59114FCD07700F344D6 /* MobileCoreServices.framework */; };
		0F92F59414FCD07700F344D6 /* CoreMedia.framework in Frameworks */ = {isa = PBXBuildFile; fileRef = 0F92F59314FCD07700F344D6 /* CoreMedia.framework */; };
		0F92F59A14FCD07700F344D6 /* InfoPlist.strings in Resources */ = {isa = PBXBuildFile; fileRef = 0F92F59814FCD07700F344D6 /* InfoPlist.strings */; };
		0F92F59C14FCD07700F344D6 /* main.m in Sources */ = {isa = PBXBuildFile; fileRef = 0F92F59B14FCD07700F344D6 /* main.m */; };
		0F92F5A414FCD07700F344D6 /* Localizable.strings in Resources */ = {isa = PBXBuildFile; fileRef = 0F92F5A214FCD07700F344D6 /* Localizable.strings */; };
		0F92F5A814FCD07700F344D6 /* Localizable.strings in Resources */ = {isa = PBXBuildFile; fileRef = 0F92F5A614FCD07700F344D6 /* Localizable.strings */; };
		0F92F5AB14FCD07700F344D6 /* icon.png in Resources */ = {isa = PBXBuildFile; fileRef = 0F92F5AA14FCD07700F344D6 /* icon.png */; };
		0F92F5AD14FCD07700F344D6 /* icon@2x.png in Resources */ = {isa = PBXBuildFile; fileRef = 0F92F5AC14FCD07700F344D6 /* icon@2x.png */; };
		0F92F5AF14FCD07700F344D6 /* icon-72.png in Resources */ = {isa = PBXBuildFile; fileRef = 0F92F5AE14FCD07700F344D6 /* icon-72.png */; };
		0F92F5B214FCD07700F344D6 /* Default.png in Resources */ = {isa = PBXBuildFile; fileRef = 0F92F5B114FCD07700F344D6 /* Default.png */; };
		0F92F5B414FCD07700F344D6 /* Default@2x.png in Resources */ = {isa = PBXBuildFile; fileRef = 0F92F5B314FCD07700F344D6 /* Default@2x.png */; };
		0F92F5B614FCD07700F344D6 /* Capture.bundle in Resources */ = {isa = PBXBuildFile; fileRef = 0F92F5B514FCD07700F344D6 /* Capture.bundle */; };
		0F92F5B814FCD07700F344D6 /* Cordova.plist in Resources */ = {isa = PBXBuildFile; fileRef = 0F92F5B714FCD07700F344D6 /* Cordova.plist */; };
		0F92F5BC14FCD07700F344D6 /* AppDelegate.m in Sources */ = {isa = PBXBuildFile; fileRef = 0F92F5BB14FCD07700F344D6 /* AppDelegate.m */; };
		0F92F5BF14FCD07700F344D6 /* MainViewController.m in Sources */ = {isa = PBXBuildFile; fileRef = 0F92F5BE14FCD07700F344D6 /* MainViewController.m */; };
		0F92F5C114FCD07700F344D6 /* MainViewController.xib in Resources */ = {isa = PBXBuildFile; fileRef = 0F92F5C014FCD07700F344D6 /* MainViewController.xib */; };
		0F92F5CE14FCD0BA00F344D6 /* www in Resources */ = {isa = PBXBuildFile; fileRef = 0F92F5CD14FCD0BA00F344D6 /* www */; };
/* End PBXBuildFile section */

/* Begin PBXFileReference section */
		0F064745155F3D55005CEA6C /* LocalNotification.h */ = {isa = PBXFileReference; fileEncoding = 4; lastKnownFileType = sourcecode.c.h; path = LocalNotification.h; sourceTree = "<group>"; };
		0F064746155F3D55005CEA6C /* LocalNotification.m */ = {isa = PBXFileReference; fileEncoding = 4; lastKnownFileType = sourcecode.c.objc; path = LocalNotification.m; sourceTree = "<group>"; };
		0F2DF1BD154ACFC90022BA94 /* Databases.db */ = {isa = PBXFileReference; lastKnownFileType = file; path = Databases.db; sourceTree = "<group>"; };
		0F2DF1C1154AD2440022BA94 /* 0000000000000001.db */ = {isa = PBXFileReference; lastKnownFileType = file; path = 0000000000000001.db; sourceTree = "<group>"; };
		0F4D8784153FD84E000601BA /* Cordova.framework */ = {isa = PBXFileReference; lastKnownFileType = wrapper.framework; path = Cordova.framework; sourceTree = "<group>"; };
		0F59D0F4155B4F2F002C669D /* README.md */ = {isa = PBXFileReference; fileEncoding = 4; lastKnownFileType = text; name = README.md; path = ../README.md; sourceTree = "<group>"; };
		0F92F57714FCD07700F344D6 /* V-Tracker.app */ = {isa = PBXFileReference; explicitFileType = wrapper.application; includeInIndex = 0; path = "V-Tracker.app"; sourceTree = BUILT_PRODUCTS_DIR; };
		0F92F57B14FCD07700F344D6 /* Foundation.framework */ = {isa = PBXFileReference; lastKnownFileType = wrapper.framework; name = Foundation.framework; path = System/Library/Frameworks/Foundation.framework; sourceTree = SDKROOT; };
		0F92F57D14FCD07700F344D6 /* UIKit.framework */ = {isa = PBXFileReference; lastKnownFileType = wrapper.framework; name = UIKit.framework; path = System/Library/Frameworks/UIKit.framework; sourceTree = SDKROOT; };
		0F92F57F14FCD07700F344D6 /* CoreGraphics.framework */ = {isa = PBXFileReference; lastKnownFileType = wrapper.framework; name = CoreGraphics.framework; path = System/Library/Frameworks/CoreGraphics.framework; sourceTree = SDKROOT; };
		0F92F58114FCD07700F344D6 /* AddressBook.framework */ = {isa = PBXFileReference; lastKnownFileType = wrapper.framework; name = AddressBook.framework; path = System/Library/Frameworks/AddressBook.framework; sourceTree = SDKROOT; };
		0F92F58314FCD07700F344D6 /* AddressBookUI.framework */ = {isa = PBXFileReference; lastKnownFileType = wrapper.framework; name = AddressBookUI.framework; path = System/Library/Frameworks/AddressBookUI.framework; sourceTree = SDKROOT; };
		0F92F58514FCD07700F344D6 /* AudioToolbox.framework */ = {isa = PBXFileReference; lastKnownFileType = wrapper.framework; name = AudioToolbox.framework; path = System/Library/Frameworks/AudioToolbox.framework; sourceTree = SDKROOT; };
		0F92F58714FCD07700F344D6 /* AVFoundation.framework */ = {isa = PBXFileReference; lastKnownFileType = wrapper.framework; name = AVFoundation.framework; path = System/Library/Frameworks/AVFoundation.framework; sourceTree = SDKROOT; };
		0F92F58914FCD07700F344D6 /* CoreLocation.framework */ = {isa = PBXFileReference; lastKnownFileType = wrapper.framework; name = CoreLocation.framework; path = System/Library/Frameworks/CoreLocation.framework; sourceTree = SDKROOT; };
		0F92F58B14FCD07700F344D6 /* MediaPlayer.framework */ = {isa = PBXFileReference; lastKnownFileType = wrapper.framework; name = MediaPlayer.framework; path = System/Library/Frameworks/MediaPlayer.framework; sourceTree = SDKROOT; };
		0F92F58D14FCD07700F344D6 /* QuartzCore.framework */ = {isa = PBXFileReference; lastKnownFileType = wrapper.framework; name = QuartzCore.framework; path = System/Library/Frameworks/QuartzCore.framework; sourceTree = SDKROOT; };
		0F92F58F14FCD07700F344D6 /* SystemConfiguration.framework */ = {isa = PBXFileReference; lastKnownFileType = wrapper.framework; name = SystemConfiguration.framework; path = System/Library/Frameworks/SystemConfiguration.framework; sourceTree = SDKROOT; };
		0F92F59114FCD07700F344D6 /* MobileCoreServices.framework */ = {isa = PBXFileReference; lastKnownFileType = wrapper.framework; name = MobileCoreServices.framework; path = System/Library/Frameworks/MobileCoreServices.framework; sourceTree = SDKROOT; };
		0F92F59314FCD07700F344D6 /* CoreMedia.framework */ = {isa = PBXFileReference; lastKnownFileType = wrapper.framework; name = CoreMedia.framework; path = System/Library/Frameworks/CoreMedia.framework; sourceTree = SDKROOT; };
		0F92F59714FCD07700F344D6 /* V-Tracker-Info.plist */ = {isa = PBXFileReference; lastKnownFileType = text.plist.xml; path = "V-Tracker-Info.plist"; sourceTree = "<group>"; };
		0F92F59914FCD07700F344D6 /* en */ = {isa = PBXFileReference; lastKnownFileType = text.plist.strings; name = en; path = en.lproj/InfoPlist.strings; sourceTree = "<group>"; };
		0F92F59B14FCD07700F344D6 /* main.m */ = {isa = PBXFileReference; lastKnownFileType = sourcecode.c.objc; path = main.m; sourceTree = "<group>"; };
		0F92F59D14FCD07700F344D6 /* V-Tracker-Prefix.pch */ = {isa = PBXFileReference; lastKnownFileType = sourcecode.c.h; path = "V-Tracker-Prefix.pch"; sourceTree = "<group>"; };
		0F92F5A314FCD07700F344D6 /* en */ = {isa = PBXFileReference; lastKnownFileType = text.plist.strings; name = en; path = Resources/en.lproj/Localizable.strings; sourceTree = "<group>"; };
		0F92F5A714FCD07700F344D6 /* es */ = {isa = PBXFileReference; lastKnownFileType = text.plist.strings; name = es; path = Resources/es.lproj/Localizable.strings; sourceTree = "<group>"; };
		0F92F5AA14FCD07700F344D6 /* icon.png */ = {isa = PBXFileReference; lastKnownFileType = image.png; name = icon.png; path = Resources/icons/icon.png; sourceTree = "<group>"; };
		0F92F5AC14FCD07700F344D6 /* icon@2x.png */ = {isa = PBXFileReference; lastKnownFileType = image.png; name = "icon@2x.png"; path = "Resources/icons/icon@2x.png"; sourceTree = "<group>"; };
		0F92F5AE14FCD07700F344D6 /* icon-72.png */ = {isa = PBXFileReference; lastKnownFileType = image.png; name = "icon-72.png"; path = "Resources/icons/icon-72.png"; sourceTree = "<group>"; };
		0F92F5B114FCD07700F344D6 /* Default.png */ = {isa = PBXFileReference; lastKnownFileType = image.png; name = Default.png; path = Resources/splash/Default.png; sourceTree = "<group>"; };
		0F92F5B314FCD07700F344D6 /* Default@2x.png */ = {isa = PBXFileReference; lastKnownFileType = image.png; name = "Default@2x.png"; path = "Resources/splash/Default@2x.png"; sourceTree = "<group>"; };
		0F92F5B514FCD07700F344D6 /* Capture.bundle */ = {isa = PBXFileReference; lastKnownFileType = "wrapper.plug-in"; name = Capture.bundle; path = Resources/Capture.bundle; sourceTree = "<group>"; };
		0F92F5B714FCD07700F344D6 /* Cordova.plist */ = {isa = PBXFileReference; lastKnownFileType = text.plist.xml; path = Cordova.plist; sourceTree = "<group>"; };
		0F92F5BA14FCD07700F344D6 /* AppDelegate.h */ = {isa = PBXFileReference; lastKnownFileType = sourcecode.c.h; name = AppDelegate.h; path = Classes/AppDelegate.h; sourceTree = "<group>"; };
		0F92F5BB14FCD07700F344D6 /* AppDelegate.m */ = {isa = PBXFileReference; lastKnownFileType = sourcecode.c.objc; name = AppDelegate.m; path = Classes/AppDelegate.m; sourceTree = "<group>"; };
		0F92F5BD14FCD07700F344D6 /* MainViewController.h */ = {isa = PBXFileReference; lastKnownFileType = sourcecode.c.h; name = MainViewController.h; path = Classes/MainViewController.h; sourceTree = "<group>"; };
		0F92F5BE14FCD07700F344D6 /* MainViewController.m */ = {isa = PBXFileReference; lastKnownFileType = sourcecode.c.objc; name = MainViewController.m; path = Classes/MainViewController.m; sourceTree = "<group>"; };
		0F92F5C014FCD07700F344D6 /* MainViewController.xib */ = {isa = PBXFileReference; lastKnownFileType = file.xib; name = MainViewController.xib; path = Classes/MainViewController.xib; sourceTree = "<group>"; };
		0F92F5C314FCD07700F344D6 /* README */ = {isa = PBXFileReference; lastKnownFileType = text; name = README; path = Plugins/README; sourceTree = "<group>"; };
		0F92F5CD14FCD0BA00F344D6 /* www */ = {isa = PBXFileReference; lastKnownFileType = folder; path = www; sourceTree = "<group>"; };
/* End PBXFileReference section */

/* Begin PBXFrameworksBuildPhase section */
		0F92F57114FCD07700F344D6 /* Frameworks */ = {
			isa = PBXFrameworksBuildPhase;
			buildActionMask = 2147483647;
			files = (
				0F92F57C14FCD07700F344D6 /* Foundation.framework in Frameworks */,
				0F92F57E14FCD07700F344D6 /* UIKit.framework in Frameworks */,
				0F92F58014FCD07700F344D6 /* CoreGraphics.framework in Frameworks */,
				0F92F58214FCD07700F344D6 /* AddressBook.framework in Frameworks */,
				0F92F58414FCD07700F344D6 /* AddressBookUI.framework in Frameworks */,
				0F92F58614FCD07700F344D6 /* AudioToolbox.framework in Frameworks */,
				0F92F58814FCD07700F344D6 /* AVFoundation.framework in Frameworks */,
				0F92F58A14FCD07700F344D6 /* CoreLocation.framework in Frameworks */,
				0F92F58C14FCD07700F344D6 /* MediaPlayer.framework in Frameworks */,
				0F92F58E14FCD07700F344D6 /* QuartzCore.framework in Frameworks */,
				0F92F59014FCD07700F344D6 /* SystemConfiguration.framework in Frameworks */,
				0F92F59214FCD07700F344D6 /* MobileCoreServices.framework in Frameworks */,
				0F92F59414FCD07700F344D6 /* CoreMedia.framework in Frameworks */,
				0F4D8785153FD84E000601BA /* Cordova.framework in Frameworks */,
			);
			runOnlyForDeploymentPostprocessing = 0;
		};
		0F92F57414FCD07700F344D6 /* Frameworks */ = {
			isa = PBXFrameworksBuildPhase;
			buildActionMask = 2147483647;
			files = (
			);
			runOnlyForDeploymentPostprocessing = 0;
		};
/* End PBXFrameworksBuildPhase section */

/* Begin PBXGroup section */
		0F92F56914FCD07700F344D6 = {
			isa = PBXGroup;
			children = (
				0F59D0F4155B4F2F002C669D /* README.md */,
				0F4D8784153FD84E000601BA /* Cordova.framework */,
				0F92F5CD14FCD0BA00F344D6 /* www */,
				0F92F59514FCD07700F344D6 /* V-Tracker */,
				0F92F57A14FCD07700F344D6 /* Frameworks */,
				0F92F57814FCD07700F344D6 /* Products */,
			);
			sourceTree = "<group>";
		};
		0F92F57814FCD07700F344D6 /* Products */ = {
			isa = PBXGroup;
			children = (
				0F92F57714FCD07700F344D6 /* V-Tracker.app */,
			);
			name = Products;
			sourceTree = "<group>";
		};
		0F92F57A14FCD07700F344D6 /* Frameworks */ = {
			isa = PBXGroup;
			children = (
				0F92F57B14FCD07700F344D6 /* Foundation.framework */,
				0F92F57D14FCD07700F344D6 /* UIKit.framework */,
				0F92F57F14FCD07700F344D6 /* CoreGraphics.framework */,
				0F92F58114FCD07700F344D6 /* AddressBook.framework */,
				0F92F58314FCD07700F344D6 /* AddressBookUI.framework */,
				0F92F58514FCD07700F344D6 /* AudioToolbox.framework */,
				0F92F58714FCD07700F344D6 /* AVFoundation.framework */,
				0F92F58914FCD07700F344D6 /* CoreLocation.framework */,
				0F92F58B14FCD07700F344D6 /* MediaPlayer.framework */,
				0F92F58D14FCD07700F344D6 /* QuartzCore.framework */,
				0F92F58F14FCD07700F344D6 /* SystemConfiguration.framework */,
				0F92F59114FCD07700F344D6 /* MobileCoreServices.framework */,
				0F92F59314FCD07700F344D6 /* CoreMedia.framework */,
			);
			name = Frameworks;
			sourceTree = "<group>";
		};
		0F92F59514FCD07700F344D6 /* V-Tracker */ = {
			isa = PBXGroup;
			children = (
				0F92F5A014FCD07700F344D6 /* Resources */,
				0F92F5B914FCD07700F344D6 /* Classes */,
				0F92F5C214FCD07700F344D6 /* Plugins */,
				0F92F59614FCD07700F344D6 /* Supporting Files */,
			);
			name = "V-Tracker";
			path = "V-Tracker";
			sourceTree = "<group>";
		};
		0F92F59614FCD07700F344D6 /* Supporting Files */ = {
			isa = PBXGroup;
			children = (
				0F92F59714FCD07700F344D6 /* V-Tracker-Info.plist */,
				0F92F59814FCD07700F344D6 /* InfoPlist.strings */,
				0F92F59B14FCD07700F344D6 /* main.m */,
				0F92F59D14FCD07700F344D6 /* V-Tracker-Prefix.pch */,
				0F92F5B714FCD07700F344D6 /* Cordova.plist */,
				0F92F5C014FCD07700F344D6 /* MainViewController.xib */,
			);
			name = "Supporting Files";
			sourceTree = "<group>";
		};
		0F92F5A014FCD07700F344D6 /* Resources */ = {
			isa = PBXGroup;
			children = (
				0F2DF1C1154AD2440022BA94 /* 0000000000000001.db */,
				0F2DF1BD154ACFC90022BA94 /* Databases.db */,
				0F92F5B514FCD07700F344D6 /* Capture.bundle */,
				0F92F5A114FCD07700F344D6 /* en.lproj */,
				0F92F5A514FCD07700F344D6 /* es.lproj */,
				0F92F5A914FCD07700F344D6 /* icons */,
				0F92F5B014FCD07700F344D6 /* splash */,
			);
			name = Resources;
			sourceTree = "<group>";
		};
		0F92F5A114FCD07700F344D6 /* en.lproj */ = {
			isa = PBXGroup;
			children = (
				0F92F5A214FCD07700F344D6 /* Localizable.strings */,
			);
			name = en.lproj;
			sourceTree = "<group>";
		};
		0F92F5A514FCD07700F344D6 /* es.lproj */ = {
			isa = PBXGroup;
			children = (
				0F92F5A614FCD07700F344D6 /* Localizable.strings */,
			);
			name = es.lproj;
			sourceTree = "<group>";
		};
		0F92F5A914FCD07700F344D6 /* icons */ = {
			isa = PBXGroup;
			children = (
				0F92F5AA14FCD07700F344D6 /* icon.png */,
				0F92F5AC14FCD07700F344D6 /* icon@2x.png */,
				0F92F5AE14FCD07700F344D6 /* icon-72.png */,
			);
			name = icons;
			sourceTree = "<group>";
		};
		0F92F5B014FCD07700F344D6 /* splash */ = {
			isa = PBXGroup;
			children = (
				0F92F5B114FCD07700F344D6 /* Default.png */,
				0F92F5B314FCD07700F344D6 /* Default@2x.png */,
			);
			name = splash;
			sourceTree = "<group>";
		};
		0F92F5B914FCD07700F344D6 /* Classes */ = {
			isa = PBXGroup;
			children = (
				0F92F5BA14FCD07700F344D6 /* AppDelegate.h */,
				0F92F5BB14FCD07700F344D6 /* AppDelegate.m */,
				0F92F5BD14FCD07700F344D6 /* MainViewController.h */,
				0F92F5BE14FCD07700F344D6 /* MainViewController.m */,
			);
			name = Classes;
			sourceTree = "<group>";
		};
		0F92F5C214FCD07700F344D6 /* Plugins */ = {
			isa = PBXGroup;
			children = (
				0F064745155F3D55005CEA6C /* LocalNotification.h */,
				0F064746155F3D55005CEA6C /* LocalNotification.m */,
				0F92F5C314FCD07700F344D6 /* README */,
			);
			name = Plugins;
			sourceTree = "<group>";
		};
/* End PBXGroup section */

/* Begin PBXNativeTarget section */
		0F92F57614FCD07700F344D6 /* V-Tracker */ = {
			isa = PBXNativeTarget;
			buildConfigurationList = 0F92F5C614FCD07700F344D6 /* Build configuration list for PBXNativeTarget "V-Tracker" */;
			buildPhases = (
				0F92F57014FCD07700F344D6 /* Sources */,
				0F92F57114FCD07700F344D6 /* Frameworks */,
				0F92F57214FCD07700F344D6 /* Resources */,
				0F92F57314FCD07700F344D6 /* Sources */,
				0F92F57414FCD07700F344D6 /* Frameworks */,
				0F92F57514FCD07700F344D6 /* ShellScript */,
			);
			buildRules = (
			);
			dependencies = (
			);
			name = "V-Tracker";
			productName = "V-Tracker";
			productReference = 0F92F57714FCD07700F344D6 /* V-Tracker.app */;
			productType = "com.apple.product-type.application";
		};
/* End PBXNativeTarget section */

/* Begin PBXProject section */
		0F92F56B14FCD07700F344D6 /* Project object */ = {
			isa = PBXProject;
			attributes = {
				LastUpgradeCheck = 0430;
			};
			buildConfigurationList = 0F92F56E14FCD07700F344D6 /* Build configuration list for PBXProject "V-Tracker" */;
			compatibilityVersion = "Xcode 3.2";
			developmentRegion = English;
			hasScannedForEncodings = 0;
			knownRegions = (
				en,
				es,
			);
			mainGroup = 0F92F56914FCD07700F344D6;
			productRefGroup = 0F92F57814FCD07700F344D6 /* Products */;
			projectDirPath = "";
			projectRoot = "";
			targets = (
				0F92F57614FCD07700F344D6 /* V-Tracker */,
			);
		};
/* End PBXProject section */

/* Begin PBXResourcesBuildPhase section */
		0F92F57214FCD07700F344D6 /* Resources */ = {
			isa = PBXResourcesBuildPhase;
			buildActionMask = 2147483647;
			files = (
				0F92F59A14FCD07700F344D6 /* InfoPlist.strings in Resources */,
				0F92F5A414FCD07700F344D6 /* Localizable.strings in Resources */,
				0F92F5A814FCD07700F344D6 /* Localizable.strings in Resources */,
				0F92F5AB14FCD07700F344D6 /* icon.png in Resources */,
				0F92F5AD14FCD07700F344D6 /* icon@2x.png in Resources */,
				0F92F5AF14FCD07700F344D6 /* icon-72.png in Resources */,
				0F92F5B214FCD07700F344D6 /* Default.png in Resources */,
				0F92F5B414FCD07700F344D6 /* Default@2x.png in Resources */,
				0F92F5B614FCD07700F344D6 /* Capture.bundle in Resources */,
				0F92F5B814FCD07700F344D6 /* Cordova.plist in Resources */,
				0F92F5C114FCD07700F344D6 /* MainViewController.xib in Resources */,
				0F92F5CE14FCD0BA00F344D6 /* www in Resources */,
				0F2DF1BE154ACFC90022BA94 /* Databases.db in Resources */,
				0F2DF1C2154AD2440022BA94 /* 0000000000000001.db in Resources */,
				0F59D0F5155B4F2F002C669D /* README.md in Resources */,
			);
			runOnlyForDeploymentPostprocessing = 0;
		};
/* End PBXResourcesBuildPhase section */

/* Begin PBXShellScriptBuildPhase section */
		0F92F57514FCD07700F344D6 /* ShellScript */ = {
			isa = PBXShellScriptBuildPhase;
			buildActionMask = 2147483647;
			files = (
			);
			inputPaths = (
			);
			outputPaths = (
			);
			runOnlyForDeploymentPostprocessing = 0;
			shellPath = /bin/bash;
			shellScript = "\n\t\t\t\t\t\t\t\tif [ ! -d \"$PROJECT_DIR/www\" ] ; then\n\t\t\t\t\t\t\t\t\tcp -R /Users/Shared/PhoneGap/Frameworks/Cordova.framework/www \"$PROJECT_DIR\"\n\t\t\t\t\t\t\t\tfi\n\t\t\t\t\t\t\t\t# detect www folder reference in project, if missing, print warning\n\t\t\t\t\t\t\t\tgrep \"{isa = PBXFileReference; lastKnownFileType = folder; path = www; sourceTree = \\\"<group>\\\"; };\" \"$PROJECT_DIR/$PROJECT_NAME.xcodeproj/project.pbxproj\"\n\t\t\t\t\t\t\t\trc=$? \n\t\t\t\t\t\t\t\tif [ $rc != 0 ] ; then\n\t\t\t\t\t\t\t\techo -e \"warning: Missing - Add $PROJECT_DIR/www as a folder reference in your project. Just drag and drop the folder into your project, into the Project Navigator of Xcode 4. Make sure you select the second radio-button: 'Create folder references for any added folders' (which will create a blue folder)\" 1>&2\n\t\t\t\t\t\t\t\tfi\t\t\t\t\t\t\t";
		};
/* End PBXShellScriptBuildPhase section */

/* Begin PBXSourcesBuildPhase section */
		0F92F57014FCD07700F344D6 /* Sources */ = {
			isa = PBXSourcesBuildPhase;
			buildActionMask = 2147483647;
			files = (
				0F92F59C14FCD07700F344D6 /* main.m in Sources */,
				0F92F5BC14FCD07700F344D6 /* AppDelegate.m in Sources */,
				0F92F5BF14FCD07700F344D6 /* MainViewController.m in Sources */,
				0F064747155F3D55005CEA6C /* LocalNotification.m in Sources */,
			);
			runOnlyForDeploymentPostprocessing = 0;
		};
		0F92F57314FCD07700F344D6 /* Sources */ = {
			isa = PBXSourcesBuildPhase;
			buildActionMask = 2147483647;
			files = (
			);
			runOnlyForDeploymentPostprocessing = 0;
		};
/* End PBXSourcesBuildPhase section */

/* Begin PBXVariantGroup section */
		0F92F59814FCD07700F344D6 /* InfoPlist.strings */ = {
			isa = PBXVariantGroup;
			children = (
				0F92F59914FCD07700F344D6 /* en */,
			);
			name = InfoPlist.strings;
			sourceTree = "<group>";
		};
		0F92F5A214FCD07700F344D6 /* Localizable.strings */ = {
			isa = PBXVariantGroup;
			children = (
				0F92F5A314FCD07700F344D6 /* en */,
			);
			name = Localizable.strings;
			sourceTree = "<group>";
		};
		0F92F5A614FCD07700F344D6 /* Localizable.strings */ = {
			isa = PBXVariantGroup;
			children = (
				0F92F5A714FCD07700F344D6 /* es */,
			);
			name = Localizable.strings;
			sourceTree = "<group>";
		};
/* End PBXVariantGroup section */

/* Begin XCBuildConfiguration section */
		0F92F5C414FCD07700F344D6 /* Debug */ = {
			isa = XCBuildConfiguration;
			buildSettings = {
				ALWAYS_SEARCH_USER_PATHS = NO;
				ARCHS = "$(ARCHS_STANDARD_32_BIT)";
				CLANG_ENABLE_OBJC_ARC = NO;
				"CODE_SIGN_IDENTITY[sdk=iphoneos*]" = "iPhone Developer";
				COPY_PHASE_STRIP = NO;
				GCC_C_LANGUAGE_STANDARD = gnu99;
				GCC_DYNAMIC_NO_PIC = NO;
				GCC_OPTIMIZATION_LEVEL = 0;
				GCC_PREPROCESSOR_DEFINITIONS = (
					"DEBUG=1",
					"$(inherited)",
				);
				GCC_SYMBOLS_PRIVATE_EXTERN = NO;
				GCC_VERSION = com.apple.compilers.llvm.clang.1_0;
				GCC_WARN_ABOUT_MISSING_PROTOTYPES = YES;
				GCC_WARN_ABOUT_RETURN_TYPE = YES;
				GCC_WARN_UNUSED_VARIABLE = YES;
				IPHONEOS_DEPLOYMENT_TARGET = 4.0;
				SDKROOT = iphoneos;
			};
			name = Debug;
		};
		0F92F5C514FCD07700F344D6 /* Release */ = {
			isa = XCBuildConfiguration;
			buildSettings = {
				ALWAYS_SEARCH_USER_PATHS = NO;
				ARCHS = "$(ARCHS_STANDARD_32_BIT)";
				CLANG_ENABLE_OBJC_ARC = NO;
				"CODE_SIGN_IDENTITY[sdk=iphoneos*]" = "iPhone Developer";
				COPY_PHASE_STRIP = YES;
				GCC_C_LANGUAGE_STANDARD = gnu99;
				GCC_VERSION = com.apple.compilers.llvm.clang.1_0;
				GCC_WARN_ABOUT_MISSING_PROTOTYPES = YES;
				GCC_WARN_ABOUT_RETURN_TYPE = YES;
				GCC_WARN_UNUSED_VARIABLE = YES;
				IPHONEOS_DEPLOYMENT_TARGET = 4.0;
				SDKROOT = iphoneos;
				VALIDATE_PRODUCT = YES;
			};
			name = Release;
		};
		0F92F5C714FCD07700F344D6 /* Debug */ = {
			isa = XCBuildConfiguration;
			buildSettings = {
				ALWAYS_SEARCH_USER_PATHS = YES;
				COPY_PHASE_STRIP = NO;
				FRAMEWORK_SEARCH_PATHS = (
					/Users/Shared/Cordova/Frameworks,
					"\"$(SRCROOT)\"",
				);
				GCC_DYNAMIC_NO_PIC = NO;
				GCC_PRECOMPILE_PREFIX_HEADER = YES;
				GCC_PREFIX_HEADER = "V-Tracker/V-Tracker-Prefix.pch";
				GCC_PREPROCESSOR_DEFINITIONS = "CORDOVA_FRAMEWORK=YES";
				GCC_VERSION = com.apple.compilers.llvm.clang.1_0;
				INFOPLIST_FILE = "V-Tracker/V-Tracker-Info.plist";
				OTHER_LDFLAGS = (
					"-weak_framework",
					UIKit,
					"-weak_framework",
					AVFoundation,
					"-weak_framework",
					CoreMedia,
					"-weak_library",
					/usr/lib/libSystem.B.dylib,
				);
				PRODUCT_NAME = "V-Tracker";
				TARGETED_DEVICE_FAMILY = 1;
				WRAPPER_EXTENSION = app;
			};
			name = Debug;
		};
		0F92F5C814FCD07700F344D6 /* Release */ = {
			isa = XCBuildConfiguration;
			buildSettings = {
				ALWAYS_SEARCH_USER_PATHS = YES;
				COPY_PHASE_STRIP = YES;
				DEBUG_INFORMATION_FORMAT = "dwarf-with-dsym";
				FRAMEWORK_SEARCH_PATHS = (
					/Users/Shared/Cordova/Frameworks,
					"\"$(SRCROOT)\"",
				);
				GCC_PRECOMPILE_PREFIX_HEADER = YES;
				GCC_PREFIX_HEADER = "V-Tracker/V-Tracker-Prefix.pch";
				GCC_PREPROCESSOR_DEFINITIONS = "CORDOVA_FRAMEWORK=YES";
				GCC_VERSION = com.apple.compilers.llvm.clang.1_0;
				INFOPLIST_FILE = "V-Tracker/V-Tracker-Info.plist";
				OTHER_LDFLAGS = (
					"-weak_framework",
					UIKit,
					"-weak_framework",
					AVFoundation,
					"-weak_framework",
					CoreMedia,
					"-weak_library",
					/usr/lib/libSystem.B.dylib,
				);
				PRODUCT_NAME = "V-Tracker";
				TARGETED_DEVICE_FAMILY = 1;
				VALIDATE_PRODUCT = YES;
				WRAPPER_EXTENSION = app;
			};
			name = Release;
		};
/* End XCBuildConfiguration section */

/* Begin XCConfigurationList section */
		0F92F56E14FCD07700F344D6 /* Build configuration list for PBXProject "V-Tracker" */ = {
			isa = XCConfigurationList;
			buildConfigurations = (
				0F92F5C414FCD07700F344D6 /* Debug */,
				0F92F5C514FCD07700F344D6 /* Release */,
			);
			defaultConfigurationIsVisible = 0;
			defaultConfigurationName = Release;
		};
		0F92F5C614FCD07700F344D6 /* Build configuration list for PBXNativeTarget "V-Tracker" */ = {
			isa = XCConfigurationList;
			buildConfigurations = (
				0F92F5C714FCD07700F344D6 /* Debug */,
				0F92F5C814FCD07700F344D6 /* Release */,
			);
			defaultConfigurationIsVisible = 0;
			defaultConfigurationName = Release;
		};
/* End XCConfigurationList section */
	};
	rootObject = 0F92F56B14FCD07700F344D6 /* Project object */;
}
